
Microsoft Visual Studio Solution File, Format Version 12.00
# Visual Studio Version 16
VisualStudioVersion = 16.0.29613.14
MinimumVisualStudioVersion = 10.0.40219.1
Project("{487F7100-70A4-4056-B921-5F39F7FC7A80}") = "ricaun.HelixToolkit.Wpf.Revit", "ricaun.HelixToolkit.Wpf.Revit\ricaun.HelixToolkit.Wpf.Revit.csproj", "{3092DFFF-0E12-4CE6-8419-A2295DC64D90}"
EndProject
Project("{487F7100-70A4-4056-B921-5F39F7FC7A80}") = "Build", "Build\Build.csproj", "{7A1517A8-2FF1-422C-9843-9997999F6066}"
EndProject
Project("{2150E333-8FDC-42A3-9474-1A3956D46DE8}") = "Solution", "Solution", "{F51B6CDD-D2C1-445D-9F51-0323F848C76D}"
	ProjectSection(SolutionItems) = preProject
		CHANGELOG.md = CHANGELOG.md
		LICENSE = LICENSE
		README.md = README.md
	EndProjectSection
EndProject
Global
	GlobalSection(SolutionConfigurationPlatforms) = preSolution
		Debug|Any CPU = Debug|Any CPU
		Release|Any CPU = Release|Any CPU
	EndGlobalSection
	GlobalSection(ProjectConfigurationPlatforms) = postSolution
		{3092DFFF-0E12-4CE6-8419-A2295DC64D90}.Debug|Any CPU.ActiveCfg = Debug|Any CPU
		{3092DFFF-0E12-4CE6-8419-A2295DC64D90}.Debug|Any CPU.Build.0 = Debug|Any CPU
		{3092DFFF-0E12-4CE6-8419-A2295DC64D90}.Release|Any CPU.ActiveCfg = Release|Any CPU
		{3092DFFF-0E12-4CE6-8419-A2295DC64D90}.Release|Any CPU.Build.0 = Release|Any CPU
		{7A1517A8-2FF1-422C-9843-9997999F6066}.Debug|Any CPU.ActiveCfg = Debug|Any CPU
		{7A1517A8-2FF1-422C-9843-9997999F6066}.Release|Any CPU.ActiveCfg = Release|Any CPU
	EndGlobalSection
	GlobalSection(SolutionProperties) = preSolution
		HideSolutionNode = FALSE
	EndGlobalSection
EndGlobal
